
Microsoft Visual Studio Solution File, Format Version 12.00
# Visual Studio Version 17
VisualStudioVersion = 17.8.34322.80
MinimumVisualStudioVersion = 10.0.40219.1
Project("{FAE04EC0-301F-11D3-BF4B-00C04F79EFBC}") = "WindowsFormsAppOrarend", "WindowsFormsAppOrarend\WindowsFormsAppOrarend.csproj", "{20377A0A-7973-4E2E-BEF9-0134A217C85B}"
EndProject
Global
	GlobalSection(SolutionConfigurationPlatforms) = preSolution
		Debug|Any CPU = Debug|Any CPU
		Release|Any CPU = Release|Any CPU
	EndGlobalSection
	GlobalSection(ProjectConfigurationPlatforms) = postSolution
		{20377A0A-7973-4E2E-BEF9-0134A217C85B}.Debug|Any CPU.ActiveCfg = Debug|Any CPU
		{20377A0A-7973-4E2E-BEF9-0134A217C85B}.Debug|Any CPU.Build.0 = Debug|Any CPU
		{20377A0A-7973-4E2E-BEF9-0134A217C85B}.Release|Any CPU.ActiveCfg = Release|Any CPU
		{20377A0A-7973-4E2E-BEF9-0134A217C85B}.Release|Any CPU.Build.0 = Release|Any CPU
	EndGlobalSection
	GlobalSection(SolutionProperties) = preSolution
		HideSolutionNode = FALSE
	EndGlobalSection
	GlobalSection(ExtensibilityGlobals) = postSolution
		SolutionGuid = {177C01A3-340D-4D91-A8F4-955014B99A49}
	EndGlobalSection
EndGlobal
